{
  "name": "nodejs",
  "version": "1.0.0",
  "lockfileVersion": 2,
  "requires": true,
  "packages": {
    "": {
      "name": "nodejs",
      "version": "1.0.0",
      "license": "ISC",
      "devDependencies": {
        "@ayostar/ajs": "^1.0.0"
      }
    },
    "node_modules/@ayostar/ajs": {
      "version": "1.0.0",
      "resolved": "https://npm.pkg.github.com/download/@ayostar/ajs/1.0.0/a182caa5f195ff5c0d2d442b0f71328c2bde2509",
      "integrity": "sha512-Ve7gwRKoVYK62CatFD9RV565UYqFUrDR++oclnHQV7AsFaUfqkhgevormOx7WfFu5o5p41UrhLtTxVinx4bSvQ==",
      "dev": true,
      "license": "ISC"
    }
  },
  "dependencies": {
    "@ayostar/ajs": {
      "version": "1.0.0",
      "resolved": "https://npm.pkg.github.com/download/@ayostar/ajs/1.0.0/a182caa5f195ff5c0d2d442b0f71328c2bde2509",
      "integrity": "sha512-Ve7gwRKoVYK62CatFD9RV565UYqFUrDR++oclnHQV7AsFaUfqkhgevormOx7WfFu5o5p41UrhLtTxVinx4bSvQ==",
      "dev": true
    }
  }
}
